
Microsoft Visual Studio Solution File, Format Version 12.00
# Visual Studio 15
VisualStudioVersion = 15.0.27428.2043
MinimumVisualStudioVersion = 10.0.40219.1
Project("{FAE04EC0-301F-11D3-BF4B-00C04F79EFBC}") = "WpfApp_BD", "WpfApp_BD\WpfApp_BD.csproj", "{0F195260-1FC5-4393-A645-7A05D2AF1197}"
EndProject
Global
	GlobalSection(SolutionConfigurationPlatforms) = preSolution
		Debug|Any CPU = Debug|Any CPU
		Release|Any CPU = Release|Any CPU
	EndGlobalSection
	GlobalSection(ProjectConfigurationPlatforms) = postSolution
		{0F195260-1FC5-4393-A645-7A05D2AF1197}.Debug|Any CPU.ActiveCfg = Debug|Any CPU
		{0F195260-1FC5-4393-A645-7A05D2AF1197}.Debug|Any CPU.Build.0 = Debug|Any CPU
		{0F195260-1FC5-4393-A645-7A05D2AF1197}.Release|Any CPU.ActiveCfg = Release|Any CPU
		{0F195260-1FC5-4393-A645-7A05D2AF1197}.Release|Any CPU.Build.0 = Release|Any CPU
	EndGlobalSection
	GlobalSection(SolutionProperties) = preSolution
		HideSolutionNode = FALSE
	EndGlobalSection
	GlobalSection(ExtensibilityGlobals) = postSolution
		SolutionGuid = {FBD89E91-3003-4A03-B29E-75F639C7D675}
	EndGlobalSection
EndGlobal
